// !$*UTF8*$!
{
	archiveVersion = 1;
	classes = {
	};
	objectVersion = 56;
	objects = {

/* Begin PBXBuildFile section */
		D3FDE5E82C3C1E4E009E64F6 /* testApp.swift in Sources */ = {isa = PBXBuildFile; fileRef = D3FDE5E72C3C1E4E009E64F6 /* testApp.swift */; };
		D3FDE5EA2C3C1E4E009E64F6 /* ContentView.swift in Sources */ = {isa = PBXBuildFile; fileRef = D3FDE5E92C3C1E4E009E64F6 /* ContentView.swift */; };
		D3FDE5EC2C3C1E50009E64F6 /* Assets.xcassets in Resources */ = {isa = PBXBuildFile; fileRef = D3FDE5EB2C3C1E50009E64F6 /* Assets.xcassets */; };
		D3FDE5EF2C3C1E50009E64F6 /* Preview Assets.xcassets in Resources */ = {isa = PBXBuildFile; fileRef = D3FDE5EE2C3C1E50009E64F6 /* Preview Assets.xcassets */; };
		D3FDE5F92C3C1E50009E64F6 /* testTests.swift in Sources */ = {isa = PBXBuildFile; fileRef = D3FDE5F82C3C1E50009E64F6 /* testTests.swift */; };
		D3FDE6032C3C1E50009E64F6 /* testUITests.swift in Sources */ = {isa = PBXBuildFile; fileRef = D3FDE6022C3C1E50009E64F6 /* testUITests.swift */; };
		D3FDE6052C3C1E50009E64F6 /* testUITestsLaunchTests.swift in Sources */ = {isa = PBXBuildFile; fileRef = D3FDE6042C3C1E50009E64F6 /* testUITestsLaunchTests.swift */; };
/* End PBXBuildFile section */

/* Begin PBXContainerItemProxy section */
		D3FDE5F52C3C1E50009E64F6 /* PBXContainerItemProxy */ = {
			isa = PBXContainerItemProxy;
			containerPortal = D3FDE5DC2C3C1E4E009E64F6 /* Project object */;
			proxyType = 1;
			remoteGlobalIDString = D3FDE5E32C3C1E4E009E64F6;
			remoteInfo = test;
		};
		D3FDE5FF2C3C1E50009E64F6 /* PBXContainerItemProxy */ = {
			isa = PBXContainerItemProxy;
			containerPortal = D3FDE5DC2C3C1E4E009E64F6 /* Project object */;
			proxyType = 1;
			remoteGlobalIDString = D3FDE5E32C3C1E4E009E64F6;
			remoteInfo = test;
		};
/* End PBXContainerItemProxy section */

/* Begin PBXFileReference section */
		D3FDE5E42C3C1E4E009E64F6 /* test.app */ = {isa = PBXFileReference; explicitFileType = wrapper.application; includeInIndex = 0; path = test.app; sourceTree = BUILT_PRODUCTS_DIR; };
		D3FDE5E72C3C1E4E009E64F6 /* testApp.swift */ = {isa = PBXFileReference; lastKnownFileType = sourcecode.swift; path = testApp.swift; sourceTree = "<group>"; };
		D3FDE5E92C3C1E4E009E64F6 /* ContentView.swift */ = {isa = PBXFileReference; lastKnownFileType = sourcecode.swift; path = ContentView.swift; sourceTree = "<group>"; };
		D3FDE5EB2C3C1E50009E64F6 /* Assets.xcassets */ = {isa = PBXFileReference; lastKnownFileType = folder.assetcatalog; path = Assets.xcassets; sourceTree = "<group>"; };
		D3FDE5EE2C3C1E50009E64F6 /* Preview Assets.xcassets */ = {isa = PBXFileReference; lastKnownFileType = folder.assetcatalog; path = "Preview Assets.xcassets"; sourceTree = "<group>"; };
		D3FDE5F42C3C1E50009E64F6 /* testTests.xctest */ = {isa = PBXFileReference; explicitFileType = wrapper.cfbundle; includeInIndex = 0; path = testTests.xctest; sourceTree = BUILT_PRODUCTS_DIR; };
		D3FDE5F82C3C1E50009E64F6 /* testTests.swift */ = {isa = PBXFileReference; lastKnownFileType = sourcecode.swift; path = testTests.swift; sourceTree = "<group>"; };
		D3FDE5FE2C3C1E50009E64F6 /* testUITests.xctest */ = {isa = PBXFileReference; explicitFileType = wrapper.cfbundle; includeInIndex = 0; path = testUITests.xctest; sourceTree = BUILT_PRODUCTS_DIR; };
		D3FDE6022C3C1E50009E64F6 /* testUITests.swift */ = {isa = PBXFileReference; lastKnownFileType = sourcecode.swift; path = testUITests.swift; sourceTree = "<group>"; };
		D3FDE6042C3C1E50009E64F6 /* testUITestsLaunchTests.swift */ = {isa = PBXFileReference; lastKnownFileType = sourcecode.swift; path = testUITestsLaunchTests.swift; sourceTree = "<group>"; };
/* End PBXFileReference section */

/* Begin PBXFrameworksBuildPhase section */
		D3FDE5E12C3C1E4E009E64F6 /* Frameworks */ = {
			isa = PBXFrameworksBuildPhase;
			buildActionMask = 2147483647;
			files = (
			);
			runOnlyForDeploymentPostprocessing = 0;
		};
		D3FDE5F12C3C1E50009E64F6 /* Frameworks */ = {
			isa = PBXFrameworksBuildPhase;
			buildActionMask = 2147483647;
			files = (
			);
			runOnlyForDeploymentPostprocessing = 0;
		};
		D3FDE5FB2C3C1E50009E64F6 /* Frameworks */ = {
			isa = PBXFrameworksBuildPhase;
			buildActionMask = 2147483647;
			files = (
			);
			runOnlyForDeploymentPostprocessing = 0;
		};
/* End PBXFrameworksBuildPhase section */

/* Begin PBXGroup section */
		D3FDE5DB2C3C1E4E009E64F6 = {
			isa = PBXGroup;
			children = (
				D3FDE5E62C3C1E4E009E64F6 /* test */,
				D3FDE5F72C3C1E50009E64F6 /* testTests */,
				D3FDE6012C3C1E50009E64F6 /* testUITests */,
				D3FDE5E52C3C1E4E009E64F6 /* Products */,
			);
			sourceTree = "<group>";
		};
		D3FDE5E52C3C1E4E009E64F6 /* Products */ = {
			isa = PBXGroup;
			children = (
				D3FDE5E42C3C1E4E009E64F6 /* test.app */,
				D3FDE5F42C3C1E50009E64F6 /* testTests.xctest */,
				D3FDE5FE2C3C1E50009E64F6 /* testUITests.xctest */,
			);
			name = Products;
			sourceTree = "<group>";
		};
		D3FDE5E62C3C1E4E009E64F6 /* test */ = {
			isa = PBXGroup;
			children = (
				D3FDE5E72C3C1E4E009E64F6 /* testApp.swift */,
				D3FDE5E92C3C1E4E009E64F6 /* ContentView.swift */,
				D3FDE5EB2C3C1E50009E64F6 /* Assets.xcassets */,
				D3FDE5ED2C3C1E50009E64F6 /* Preview Content */,
			);
			path = test;
			sourceTree = "<group>";
		};
		D3FDE5ED2C3C1E50009E64F6 /* Preview Content */ = {
			isa = PBXGroup;
			children = (
				D3FDE5EE2C3C1E50009E64F6 /* Preview Assets.xcassets */,
			);
			path = "Preview Content";
			sourceTree = "<group>";
		};
		D3FDE5F72C3C1E50009E64F6 /* testTests */ = {
			isa = PBXGroup;
			children = (
				D3FDE5F82C3C1E50009E64F6 /* testTests.swift */,
			);
			path = testTests;
			sourceTree = "<group>";
		};
		D3FDE6012C3C1E50009E64F6 /* testUITests */ = {
			isa = PBXGroup;
			children = (
				D3FDE6022C3C1E50009E64F6 /* testUITests.swift */,
				D3FDE6042C3C1E50009E64F6 /* testUITestsLaunchTests.swift */,
			);
			path = testUITests;
			sourceTree = "<group>";
		};
/* End PBXGroup section */

/* Begin PBXNativeTarget section */
		D3FDE5E32C3C1E4E009E64F6 /* test */ = {
			isa = PBXNativeTarget;
			buildConfigurationList = D3FDE6082C3C1E50009E64F6 /* Build configuration list for PBXNativeTarget "test" */;
			buildPhases = (
				D3FDE5E02C3C1E4E009E64F6 /* Sources */,
				D3FDE5E12C3C1E4E009E64F6 /* Frameworks */,
				D3FDE5E22C3C1E4E009E64F6 /* Resources */,
			);
			buildRules = (
			);
			dependencies = (
			);
			name = test;
			productName = test;
			productReference = D3FDE5E42C3C1E4E009E64F6 /* test.app */;
			productType = "com.apple.product-type.application";
		};
		D3FDE5F32C3C1E50009E64F6 /* testTests */ = {
			isa = PBXNativeTarget;
			buildConfigurationList = D3FDE60B2C3C1E50009E64F6 /* Build configuration list for PBXNativeTarget "testTests" */;
			buildPhases = (
				D3FDE5F02C3C1E50009E64F6 /* Sources */,
				D3FDE5F12C3C1E50009E64F6 /* Frameworks */,
				D3FDE5F22C3C1E50009E64F6 /* Resources */,
			);
			buildRules = (
			);
			dependencies = (
				D3FDE5F62C3C1E50009E64F6 /* PBXTargetDependency */,
			);
			name = testTests;
			productName = testTests;
			productReference = D3FDE5F42C3C1E50009E64F6 /* testTests.xctest */;
			productType = "com.apple.product-type.bundle.unit-test";
		};
		D3FDE5FD2C3C1E50009E64F6 /* testUITests */ = {
			isa = PBXNativeTarget;
			buildConfigurationList = D3FDE60E2C3C1E50009E64F6 /* Build configuration list for PBXNativeTarget "testUITests" */;
			buildPhases = (
				D3FDE5FA2C3C1E50009E64F6 /* Sources */,
				D3FDE5FB2C3C1E50009E64F6 /* Frameworks */,
				D3FDE5FC2C3C1E50009E64F6 /* Resources */,
			);
			buildRules = (
			);
			dependencies = (
				D3FDE6002C3C1E50009E64F6 /* PBXTargetDependency */,
			);
			name = testUITests;
			productName = testUITests;
			productReference = D3FDE5FE2C3C1E50009E64F6 /* testUITests.xctest */;
			productType = "com.apple.product-type.bundle.ui-testing";
		};
/* End PBXNativeTarget section */

/* Begin PBXProject section */
		D3FDE5DC2C3C1E4E009E64F6 /* Project object */ = {
			isa = PBXProject;
			attributes = {
				BuildIndependentTargetsInParallel = 1;
				LastSwiftUpdateCheck = 1540;
				LastUpgradeCheck = 1540;
				TargetAttributes = {
					D3FDE5E32C3C1E4E009E64F6 = {
						CreatedOnToolsVersion = 15.4;
					};
					D3FDE5F32C3C1E50009E64F6 = {
						CreatedOnToolsVersion = 15.4;
						TestTargetID = D3FDE5E32C3C1E4E009E64F6;
					};
					D3FDE5FD2C3C1E50009E64F6 = {
						CreatedOnToolsVersion = 15.4;
						TestTargetID = D3FDE5E32C3C1E4E009E64F6;
					};
				};
			};
			buildConfigurationList = D3FDE5DF2C3C1E4E009E64F6 /* Build configuration list for PBXProject "test" */;
			compatibilityVersion = "Xcode 14.0";
			developmentRegion = en;
			hasScannedForEncodings = 0;
			knownRegions = (
				en,
				Base,
			);
			mainGroup = D3FDE5DB2C3C1E4E009E64F6;
			productRefGroup = D3FDE5E52C3C1E4E009E64F6 /* Products */;
			projectDirPath = "";
			projectRoot = "";
			targets = (
				D3FDE5E32C3C1E4E009E64F6 /* test */,
				D3FDE5F32C3C1E50009E64F6 /* testTests */,
				D3FDE5FD2C3C1E50009E64F6 /* testUITests */,
			);
		};
/* End PBXProject section */

/* Begin PBXResourcesBuildPhase section */
		D3FDE5E22C3C1E4E009E64F6 /* Resources */ = {
			isa = PBXResourcesBuildPhase;
			buildActionMask = 2147483647;
			files = (
				D3FDE5EF2C3C1E50009E64F6 /* Preview Assets.xcassets in Resources */,
				D3FDE5EC2C3C1E50009E64F6 /* Assets.xcassets in Resources */,
			);
			runOnlyForDeploymentPostprocessing = 0;
		};
		D3FDE5F22C3C1E50009E64F6 /* Resources */ = {
			isa = PBXResourcesBuildPhase;
			buildActionMask = 2147483647;
			files = (
			);
			runOnlyForDeploymentPostprocessing = 0;
		};
		D3FDE5FC2C3C1E50009E64F6 /* Resources */ = {
			isa = PBXResourcesBuildPhase;
			buildActionMask = 2147483647;
			files = (
			);
			runOnlyForDeploymentPostprocessing = 0;
		};
/* End PBXResourcesBuildPhase section */

/* Begin PBXSourcesBuildPhase section */
		D3FDE5E02C3C1E4E009E64F6 /* Sources */ = {
			isa = PBXSourcesBuildPhase;
			buildActionMask = 2147483647;
			files = (
				D3FDE5EA2C3C1E4E009E64F6 /* ContentView.swift in Sources */,
				D3FDE5E82C3C1E4E009E64F6 /* testApp.swift in Sources */,
			);
			runOnlyForDeploymentPostprocessing = 0;
		};
		D3FDE5F02C3C1E50009E64F6 /* Sources */ = {
			isa = PBXSourcesBuildPhase;
			buildActionMask = 2147483647;
			files = (
				D3FDE5F92C3C1E50009E64F6 /* testTests.swift in Sources */,
			);
			runOnlyForDeploymentPostprocessing = 0;
		};
		D3FDE5FA2C3C1E50009E64F6 /* Sources */ = {
			isa = PBXSourcesBuildPhase;
			buildActionMask = 2147483647;
			files = (
				D3FDE6052C3C1E50009E64F6 /* testUITestsLaunchTests.swift in Sources */,
				D3FDE6032C3C1E50009E64F6 /* testUITests.swift in Sources */,
			);
			runOnlyForDeploymentPostprocessing = 0;
		};
/* End PBXSourcesBuildPhase section */

/* Begin PBXTargetDependency section */
		D3FDE5F62C3C1E50009E64F6 /* PBXTargetDependency */ = {
			isa = PBXTargetDependency;
			target = D3FDE5E32C3C1E4E009E64F6 /* test */;
			targetProxy = D3FDE5F52C3C1E50009E64F6 /* PBXContainerItemProxy */;
		};
		D3FDE6002C3C1E50009E64F6 /* PBXTargetDependency */ = {
			isa = PBXTargetDependency;
			target = D3FDE5E32C3C1E4E009E64F6 /* test */;
			targetProxy = D3FDE5FF2C3C1E50009E64F6 /* PBXContainerItemProxy */;
		};
/* End PBXTargetDependency section */

/* Begin XCBuildConfiguration section */
		D3FDE6062C3C1E50009E64F6 /* Debug */ = {
			isa = XCBuildConfiguration;
			buildSettings = {
				ALWAYS_SEARCH_USER_PATHS = NO;
				ASSETCATALOG_COMPILER_GENERATE_SWIFT_ASSET_SYMBOL_EXTENSIONS = YES;
				CLANG_ANALYZER_NONNULL = YES;
				CLANG_ANALYZER_NUMBER_OBJECT_CONVERSION = YES_AGGRESSIVE;
				CLANG_CXX_LANGUAGE_STANDARD = "gnu++20";
				CLANG_ENABLE_MODULES = YES;
				CLANG_ENABLE_OBJC_ARC = YES;
				CLANG_ENABLE_OBJC_WEAK = YES;
				CLANG_WARN_BLOCK_CAPTURE_AUTORELEASING = YES;
				CLANG_WARN_BOOL_CONVERSION = YES;
				CLANG_WARN_COMMA = YES;
				CLANG_WARN_CONSTANT_CONVERSION = YES;
				CLANG_WARN_DEPRECATED_OBJC_IMPLEMENTATIONS = YES;
				CLANG_WARN_DIRECT_OBJC_ISA_USAGE = YES_ERROR;
				CLANG_WARN_DOCUMENTATION_COMMENTS = YES;
				CLANG_WARN_EMPTY_BODY = YES;
				CLANG_WARN_ENUM_CONVERSION = YES;
				CLANG_WARN_INFINITE_RECURSION = YES;
				CLANG_WARN_INT_CONVERSION = YES;
				CLANG_WARN_NON_LITERAL_NULL_CONVERSION = YES;
				CLANG_WARN_OBJC_IMPLICIT_RETAIN_SELF = YES;
				CLANG_WARN_OBJC_LITERAL_CONVERSION = YES;
				CLANG_WARN_OBJC_ROOT_CLASS = YES_ERROR;
				CLANG_WARN_QUOTED_INCLUDE_IN_FRAMEWORK_HEADER = YES;
				CLANG_WARN_RANGE_LOOP_ANALYSIS = YES;
				CLANG_WARN_STRICT_PROTOTYPES = YES;
				CLANG_WARN_SUSPICIOUS_MOVE = YES;
				CLANG_WARN_UNGUARDED_AVAILABILITY = YES_AGGRESSIVE;
				CLANG_WARN_UNREACHABLE_CODE = YES;
				CLANG_WARN__DUPLICATE_METHOD_MATCH = YES;
				COPY_PHASE_STRIP = NO;
				DEBUG_INFORMATION_FORMAT = dwarf;
				ENABLE_STRICT_OBJC_MSGSEND = YES;
				ENABLE_TESTABILITY = YES;
				ENABLE_USER_SCRIPT_SANDBOXING = YES;
				GCC_C_LANGUAGE_STANDARD = gnu17;
				GCC_DYNAMIC_NO_PIC = NO;
				GCC_NO_COMMON_BLOCKS = YES;
				GCC_OPTIMIZATION_LEVEL = 0;
				GCC_PREPROCESSOR_DEFINITIONS = (
					"DEBUG=1",
					"$(inherited)",
				);
				GCC_WARN_64_TO_32_BIT_CONVERSION = YES;
				GCC_WARN_ABOUT_RETURN_TYPE = YES_ERROR;
				GCC_WARN_UNDECLARED_SELECTOR = YES;
				GCC_WARN_UNINITIALIZED_AUTOS = YES_AGGRESSIVE;
				GCC_WARN_UNUSED_FUNCTION = YES;
				GCC_WARN_UNUSED_VARIABLE = YES;
				IPHONEOS_DEPLOYMENT_TARGET = 17.5;
				LOCALIZATION_PREFERS_STRING_CATALOGS = YES;
				MTL_ENABLE_DEBUG_INFO = INCLUDE_SOURCE;
				MTL_FAST_MATH = YES;
				ONLY_ACTIVE_ARCH = YES;
				SDKROOT = iphoneos;
				SWIFT_ACTIVE_COMPILATION_CONDITIONS = "DEBUG $(inherited)";
				SWIFT_OPTIMIZATION_LEVEL = "-Onone";
			};
			name = Debug;
		};
		D3FDE6072C3C1E50009E64F6 /* Release */ = {
			isa = XCBuildConfiguration;
			buildSettings = {
				ALWAYS_SEARCH_USER_PATHS = NO;
				ASSETCATALOG_COMPILER_GENERATE_SWIFT_ASSET_SYMBOL_EXTENSIONS = YES;
				CLANG_ANALYZER_NONNULL = YES;
				CLANG_ANALYZER_NUMBER_OBJECT_CONVERSION = YES_AGGRESSIVE;
				CLANG_CXX_LANGUAGE_STANDARD = "gnu++20";
				CLANG_ENABLE_MODULES = YES;
				CLANG_ENABLE_OBJC_ARC = YES;
				CLANG_ENABLE_OBJC_WEAK = YES;
				CLANG_WARN_BLOCK_CAPTURE_AUTORELEASING = YES;
				CLANG_WARN_BOOL_CONVERSION = YES;
				CLANG_WARN_COMMA = YES;
				CLANG_WARN_CONSTANT_CONVERSION = YES;
				CLANG_WARN_DEPRECATED_OBJC_IMPLEMENTATIONS = YES;
				CLANG_WARN_DIRECT_OBJC_ISA_USAGE = YES_ERROR;
				CLANG_WARN_DOCUMENTATION_COMMENTS = YES;
				CLANG_WARN_EMPTY_BODY = YES;
				CLANG_WARN_ENUM_CONVERSION = YES;
				CLANG_WARN_INFINITE_RECURSION = YES;
				CLANG_WARN_INT_CONVERSION = YES;
				CLANG_WARN_NON_LITERAL_NULL_CONVERSION = YES;
				CLANG_WARN_OBJC_IMPLICIT_RETAIN_SELF = YES;
				CLANG_WARN_OBJC_LITERAL_CONVERSION = YES;
				CLANG_WARN_OBJC_ROOT_CLASS = YES_ERROR;
				CLANG_WARN_QUOTED_INCLUDE_IN_FRAMEWORK_HEADER = YES;
				CLANG_WARN_RANGE_LOOP_ANALYSIS = YES;
				CLANG_WARN_STRICT_PROTOTYPES = YES;
				CLANG_WARN_SUSPICIOUS_MOVE = YES;
				CLANG_WARN_UNGUARDED_AVAILABILITY = YES_AGGRESSIVE;
				CLANG_WARN_UNREACHABLE_CODE = YES;
				CLANG_WARN__DUPLICATE_METHOD_MATCH = YES;
				COPY_PHASE_STRIP = NO;
				DEBUG_INFORMATION_FORMAT = "dwarf-with-dsym";
				ENABLE_NS_ASSERTIONS = NO;
				ENABLE_STRICT_OBJC_MSGSEND = YES;
				ENABLE_USER_SCRIPT_SANDBOXING = YES;
				GCC_C_LANGUAGE_STANDARD = gnu17;
				GCC_NO_COMMON_BLOCKS = YES;
				GCC_WARN_64_TO_32_BIT_CONVERSION = YES;
				GCC_WARN_ABOUT_RETURN_TYPE = YES_ERROR;
				GCC_WARN_UNDECLARED_SELECTOR = YES;
				GCC_WARN_UNINITIALIZED_AUTOS = YES_AGGRESSIVE;
				GCC_WARN_UNUSED_FUNCTION = YES;
				GCC_WARN_UNUSED_VARIABLE = YES;
				IPHONEOS_DEPLOYMENT_TARGET = 17.5;
				LOCALIZATION_PREFERS_STRING_CATALOGS = YES;
				MTL_ENABLE_DEBUG_INFO = NO;
				MTL_FAST_MATH = YES;
				SDKROOT = iphoneos;
				SWIFT_COMPILATION_MODE = wholemodule;
				VALIDATE_PRODUCT = YES;
			};
			name = Release;
		};
		D3FDE6092C3C1E50009E64F6 /* Debug */ = {
			isa = XCBuildConfiguration;
			buildSettings = {
				ASSETCATALOG_COMPILER_APPICON_NAME = AppIcon;
				ASSETCATALOG_COMPILER_GLOBAL_ACCENT_COLOR_NAME = AccentColor;
				CODE_SIGN_STYLE = Automatic;
				CURRENT_PROJECT_VERSION = 1;
				DEVELOPMENT_ASSET_PATHS = "\"test/Preview Content\"";
				ENABLE_PREVIEWS = YES;
				GENERATE_INFOPLIST_FILE = YES;
				INFOPLIST_KEY_UIApplicationSceneManifest_Generation = YES;
				INFOPLIST_KEY_UIApplicationSupportsIndirectInputEvents = YES;
				INFOPLIST_KEY_UILaunchScreen_Generation = YES;
				INFOPLIST_KEY_UISupportedInterfaceOrientations_iPad = "UIInterfaceOrientationPortrait UIInterfaceOrientationPortraitUpsideDown UIInterfaceOrientationLandscapeLeft UIInterfaceOrientationLandscapeRight";
				INFOPLIST_KEY_UISupportedInterfaceOrientations_iPhone = "UIInterfaceOrientationPortrait UIInterfaceOrientationLandscapeLeft UIInterfaceOrientationLandscapeRight";
				LD_RUNPATH_SEARCH_PATHS = (
					"$(inherited)",
					"@executable_path/Frameworks",
				);
				MARKETING_VERSION = 1.0;
				PRODUCT_BUNDLE_IDENTIFIER = com.YH.test;
				PRODUCT_NAME = "$(TARGET_NAME)";
				SWIFT_EMIT_LOC_STRINGS = YES;
				SWIFT_VERSION = 5.0;
				TARGETED_DEVICE_FAMILY = "1,2";
			};
			name = Debug;
		};
		D3FDE60A2C3C1E50009E64F6 /* Release */ = {
			isa = XCBuildConfiguration;
			buildSettings = {
				ASSETCATALOG_COMPILER_APPICON_NAME = AppIcon;
				ASSETCATALOG_COMPILER_GLOBAL_ACCENT_COLOR_NAME = AccentColor;
				CODE_SIGN_STYLE = Automatic;
				CURRENT_PROJECT_VERSION = 1;
				DEVELOPMENT_ASSET_PATHS = "\"test/Preview Content\"";
				ENABLE_PREVIEWS = YES;
				GENERATE_INFOPLIST_FILE = YES;
				INFOPLIST_KEY_UIApplicationSceneManifest_Generation = YES;
				INFOPLIST_KEY_UIApplicationSupportsIndirectInputEvents = YES;
				INFOPLIST_KEY_UILaunchScreen_Generation = YES;
				INFOPLIST_KEY_UISupportedInterfaceOrientations_iPad = "UIInterfaceOrientationPortrait UIInterfaceOrientationPortraitUpsideDown UIInterfaceOrientationLandscapeLeft UIInterfaceOrientationLandscapeRight";
				INFOPLIST_KEY_UISupportedInterfaceOrientations_iPhone = "UIInterfaceOrientationPortrait UIInterfaceOrientationLandscapeLeft UIInterfaceOrientationLandscapeRight";
				LD_RUNPATH_SEARCH_PATHS = (
					"$(inherited)",
					"@executable_path/Frameworks",
				);
				MARKETING_VERSION = 1.0;
				PRODUCT_BUNDLE_IDENTIFIER = com.YH.test;
				PRODUCT_NAME = "$(TARGET_NAME)";
				SWIFT_EMIT_LOC_STRINGS = YES;
				SWIFT_VERSION = 5.0;
				TARGETED_DEVICE_FAMILY = "1,2";
			};
			name = Release;
		};
		D3FDE60C2C3C1E50009E64F6 /* Debug */ = {
			isa = XCBuildConfiguration;
			buildSettings = {
				ALWAYS_EMBED_SWIFT_STANDARD_LIBRARIES = YES;
				BUNDLE_LOADER = "$(TEST_HOST)";
				CODE_SIGN_STYLE = Automatic;
				CURRENT_PROJECT_VERSION = 1;
				GENERATE_INFOPLIST_FILE = YES;
				IPHONEOS_DEPLOYMENT_TARGET = 17.5;
				MARKETING_VERSION = 1.0;
				PRODUCT_BUNDLE_IDENTIFIER = com.YH.testTests;
				PRODUCT_NAME = "$(TARGET_NAME)";
				SWIFT_EMIT_LOC_STRINGS = NO;
				SWIFT_VERSION = 5.0;
				TARGETED_DEVICE_FAMILY = "1,2";
				TEST_HOST = "$(BUILT_PRODUCTS_DIR)/test.app/$(BUNDLE_EXECUTABLE_FOLDER_PATH)/test";
			};
			name = Debug;
		};
		D3FDE60D2C3C1E50009E64F6 /* Release */ = {
			isa = XCBuildConfiguration;
			buildSettings = {
				ALWAYS_EMBED_SWIFT_STANDARD_LIBRARIES = YES;
				BUNDLE_LOADER = "$(TEST_HOST)";
				CODE_SIGN_STYLE = Automatic;
				CURRENT_PROJECT_VERSION = 1;
				GENERATE_INFOPLIST_FILE = YES;
				IPHONEOS_DEPLOYMENT_TARGET = 17.5;
				MARKETING_VERSION = 1.0;
				PRODUCT_BUNDLE_IDENTIFIER = com.YH.testTests;
				PRODUCT_NAME = "$(TARGET_NAME)";
				SWIFT_EMIT_LOC_STRINGS = NO;
				SWIFT_VERSION = 5.0;
				TARGETED_DEVICE_FAMILY = "1,2";
				TEST_HOST = "$(BUILT_PRODUCTS_DIR)/test.app/$(BUNDLE_EXECUTABLE_FOLDER_PATH)/test";
			};
			name = Release;
		};
		D3FDE60F2C3C1E50009E64F6 /* Debug */ = {
			isa = XCBuildConfiguration;
			buildSettings = {
				ALWAYS_EMBED_SWIFT_STANDARD_LIBRARIES = YES;
				CODE_SIGN_STYLE = Automatic;
				CURRENT_PROJECT_VERSION = 1;
				GENERATE_INFOPLIST_FILE = YES;
				MARKETING_VERSION = 1.0;
				PRODUCT_BUNDLE_IDENTIFIER = com.YH.testUITests;
				PRODUCT_NAME = "$(TARGET_NAME)";
				SWIFT_EMIT_LOC_STRINGS = NO;
				SWIFT_VERSION = 5.0;
				TARGETED_DEVICE_FAMILY = "1,2";
				TEST_TARGET_NAME = test;
			};
			name = Debug;
		};
		D3FDE6102C3C1E50009E64F6 /* Release */ = {
			isa = XCBuildConfiguration;
			buildSettings = {
				ALWAYS_EMBED_SWIFT_STANDARD_LIBRARIES = YES;
				CODE_SIGN_STYLE = Automatic;
				CURRENT_PROJECT_VERSION = 1;
				GENERATE_INFOPLIST_FILE = YES;
				MARKETING_VERSION = 1.0;
				PRODUCT_BUNDLE_IDENTIFIER = com.YH.testUITests;
				PRODUCT_NAME = "$(TARGET_NAME)";
				SWIFT_EMIT_LOC_STRINGS = NO;
				SWIFT_VERSION = 5.0;
				TARGETED_DEVICE_FAMILY = "1,2";
				TEST_TARGET_NAME = test;
			};
			name = Release;
		};
/* End XCBuildConfiguration section */

/* Begin XCConfigurationList section */
		D3FDE5DF2C3C1E4E009E64F6 /* Build configuration list for PBXProject "test" */ = {
			isa = XCConfigurationList;
			buildConfigurations = (
				D3FDE6062C3C1E50009E64F6 /* Debug */,
				D3FDE6072C3C1E50009E64F6 /* Release */,
			);
			defaultConfigurationIsVisible = 0;
			defaultConfigurationName = Release;
		};
		D3FDE6082C3C1E50009E64F6 /* Build configuration list for PBXNativeTarget "test" */ = {
			isa = XCConfigurationList;
			buildConfigurations = (
				D3FDE6092C3C1E50009E64F6 /* Debug */,
				D3FDE60A2C3C1E50009E64F6 /* Release */,
			);
			defaultConfigurationIsVisible = 0;
			defaultConfigurationName = Release;
		};
		D3FDE60B2C3C1E50009E64F6 /* Build configuration list for PBXNativeTarget "testTests" */ = {
			isa = XCConfigurationList;
			buildConfigurations = (
				D3FDE60C2C3C1E50009E64F6 /* Debug */,
				D3FDE60D2C3C1E50009E64F6 /* Release */,
			);
			defaultConfigurationIsVisible = 0;
			defaultConfigurationName = Release;
		};
		D3FDE60E2C3C1E50009E64F6 /* Build configuration list for PBXNativeTarget "testUITests" */ = {
			isa = XCConfigurationList;
			buildConfigurations = (
				D3FDE60F2C3C1E50009E64F6 /* Debug */,
				D3FDE6102C3C1E50009E64F6 /* Release */,
			);
			defaultConfigurationIsVisible = 0;
			defaultConfigurationName = Release;
		};
/* End XCConfigurationList section */
	};
	rootObject = D3FDE5DC2C3C1E4E009E64F6 /* Project object */;
}
